// !$*UTF8*$!
{
	archiveVersion = 1;
	classes = {
	};
	objectVersion = 46;
	objects = {

/* Begin PBXBuildFile section */
		1E31733F1D9960890005AFFD /* AppDelegate.swift in Sources */ = {isa = PBXBuildFile; fileRef = 1E31733E1D9960890005AFFD /* AppDelegate.swift */; };
		1E3173411D9960890005AFFD /* ViewController.swift in Sources */ = {isa = PBXBuildFile; fileRef = 1E3173401D9960890005AFFD /* ViewController.swift */; };
		1E3173441D9960890005AFFD /* Main.storyboard in Resources */ = {isa = PBXBuildFile; fileRef = 1E3173421D9960890005AFFD /* Main.storyboard */; };
		1E3173461D9960890005AFFD /* Assets.xcassets in Resources */ = {isa = PBXBuildFile; fileRef = 1E3173451D9960890005AFFD /* Assets.xcassets */; };
		1E3173491D9960890005AFFD /* LaunchScreen.storyboard in Resources */ = {isa = PBXBuildFile; fileRef = 1E3173471D9960890005AFFD /* LaunchScreen.storyboard */; };
/* End PBXBuildFile section */

/* Begin PBXFileReference section */
		1E31733B1D9960890005AFFD /* FirstiOSAppKyle.app */ = {isa = PBXFileReference; explicitFileType = wrapper.application; includeInIndex = 0; path = FirstiOSAppKyle.app; sourceTree = BUILT_PRODUCTS_DIR; };
		1E31733E1D9960890005AFFD /* AppDelegate.swift */ = {isa = PBXFileReference; lastKnownFileType = sourcecode.swift; path = AppDelegate.swift; sourceTree = "<group>"; };
		1E3173401D9960890005AFFD /* ViewController.swift */ = {isa = PBXFileReference; lastKnownFileType = sourcecode.swift; path = ViewController.swift; sourceTree = "<group>"; };
		1E3173431D9960890005AFFD /* Base */ = {isa = PBXFileReference; lastKnownFileType = file.storyboard; name = Base; path = Base.lproj/Main.storyboard; sourceTree = "<group>"; };
		1E3173451D9960890005AFFD /* Assets.xcassets */ = {isa = PBXFileReference; lastKnownFileType = folder.assetcatalog; path = Assets.xcassets; sourceTree = "<group>"; };
		1E3173481D9960890005AFFD /* Base */ = {isa = PBXFileReference; lastKnownFileType = file.storyboard; name = Base; path = Base.lproj/LaunchScreen.storyboard; sourceTree = "<group>"; };
		1E31734A1D9960890005AFFD /* Info.plist */ = {isa = PBXFileReference; lastKnownFileType = text.plist.xml; path = Info.plist; sourceTree = "<group>"; };
/* End PBXFileReference section */

/* Begin PBXFrameworksBuildPhase section */
		1E3173381D9960890005AFFD /* Frameworks */ = {
			isa = PBXFrameworksBuildPhase;
			buildActionMask = 2147483647;
			files = (
			);
			runOnlyForDeploymentPostprocessing = 0;
		};
/* End PBXFrameworksBuildPhase section */

/* Begin PBXGroup section */
		1E3173321D9960890005AFFD = {
			isa = PBXGroup;
			children = (
				1E31733D1D9960890005AFFD /* FirstiOSAppKyle */,
				1E31733C1D9960890005AFFD /* Products */,
			);
			sourceTree = "<group>";
		};
		1E31733C1D9960890005AFFD /* Products */ = {
			isa = PBXGroup;
			children = (
				1E31733B1D9960890005AFFD /* FirstiOSAppKyle.app */,
			);
			name = Products;
			sourceTree = "<group>";
		};
		1E31733D1D9960890005AFFD /* FirstiOSAppKyle */ = {
			isa = PBXGroup;
			children = (
				1E31733E1D9960890005AFFD /* AppDelegate.swift */,
				1E3173401D9960890005AFFD /* ViewController.swift */,
				1E3173421D9960890005AFFD /* Main.storyboard */,
				1E3173451D9960890005AFFD /* Assets.xcassets */,
				1E3173471D9960890005AFFD /* LaunchScreen.storyboard */,
				1E31734A1D9960890005AFFD /* Info.plist */,
			);
			path = FirstiOSAppKyle;
			sourceTree = "<group>";
		};
/* End PBXGroup section */

/* Begin PBXNativeTarget section */
		1E31733A1D9960890005AFFD /* FirstiOSAppKyle */ = {
			isa = PBXNativeTarget;
			buildConfigurationList = 1E31734D1D9960890005AFFD /* Build configuration list for PBXNativeTarget "FirstiOSAppKyle" */;
			buildPhases = (
				1E3173371D9960890005AFFD /* Sources */,
				1E3173381D9960890005AFFD /* Frameworks */,
				1E3173391D9960890005AFFD /* Resources */,
			);
			buildRules = (
			);
			dependencies = (
			);
			name = FirstiOSAppKyle;
			productName = FirstiOSAppKyle;
			productReference = 1E31733B1D9960890005AFFD /* FirstiOSAppKyle.app */;
			productType = "com.apple.product-type.application";
		};
/* End PBXNativeTarget section */

/* Begin PBXProject section */
		1E3173331D9960890005AFFD /* Project object */ = {
			isa = PBXProject;
			attributes = {
				LastSwiftUpdateCheck = 0720;
				LastUpgradeCheck = 0720;
				ORGANIZATIONNAME = "Adams, Kyle";
				TargetAttributes = {
					1E31733A1D9960890005AFFD = {
						CreatedOnToolsVersion = 7.2;
					};
				};
			};
			buildConfigurationList = 1E3173361D9960890005AFFD /* Build configuration list for PBXProject "FirstiOSAppKyle" */;
			compatibilityVersion = "Xcode 3.2";
			developmentRegion = English;
			hasScannedForEncodings = 0;
			knownRegions = (
				en,
				Base,
			);
			mainGroup = 1E3173321D9960890005AFFD;
			productRefGroup = 1E31733C1D9960890005AFFD /* Products */;
			projectDirPath = "";
			projectRoot = "";
			targets = (
				1E31733A1D9960890005AFFD /* FirstiOSAppKyle */,
			);
		};
/* End PBXProject section */

/* Begin PBXResourcesBuildPhase section */
		1E3173391D9960890005AFFD /* Resources */ = {
			isa = PBXResourcesBuildPhase;
			buildActionMask = 2147483647;
			files = (
				1E3173491D9960890005AFFD /* LaunchScreen.storyboard in Resources */,
				1E3173461D9960890005AFFD /* Assets.xcassets in Resources */,
				1E3173441D9960890005AFFD /* Main.storyboard in Resources */,
			);
			runOnlyForDeploymentPostprocessing = 0;
		};
/* End PBXResourcesBuildPhase section */

/* Begin PBXSourcesBuildPhase section */
		1E3173371D9960890005AFFD /* Sources */ = {
			isa = PBXSourcesBuildPhase;
			buildActionMask = 2147483647;
			files = (
				1E3173411D9960890005AFFD /* ViewController.swift in Sources */,
				1E31733F1D9960890005AFFD /* AppDelegate.swift in Sources */,
			);
			runOnlyForDeploymentPostprocessing = 0;
		};
/* End PBXSourcesBuildPhase section */

/* Begin PBXVariantGroup section */
		1E3173421D9960890005AFFD /* Main.storyboard */ = {
			isa = PBXVariantGroup;
			children = (
				1E3173431D9960890005AFFD /* Base */,
			);
			name = Main.storyboard;
			sourceTree = "<group>";
		};
		1E3173471D9960890005AFFD /* LaunchScreen.storyboard */ = {
			isa = PBXVariantGroup;
			children = (
				1E3173481D9960890005AFFD /* Base */,
			);
			name = LaunchScreen.storyboard;
			sourceTree = "<group>";
		};
/* End PBXVariantGroup section */

/* Begin XCBuildConfiguration section */
		1E31734B1D9960890005AFFD /* Debug */ = {
			isa = XCBuildConfiguration;
			buildSettings = {
				ALWAYS_SEARCH_USER_PATHS = NO;
				CLANG_CXX_LANGUAGE_STANDARD = "gnu++0x";
				CLANG_CXX_LIBRARY = "libc++";
				CLANG_ENABLE_MODULES = YES;
				CLANG_ENABLE_OBJC_ARC = YES;
				CLANG_WARN_BOOL_CONVERSION = YES;
				CLANG_WARN_CONSTANT_CONVERSION = YES;
				CLANG_WARN_DIRECT_OBJC_ISA_USAGE = YES_ERROR;
				CLANG_WARN_EMPTY_BODY = YES;
				CLANG_WARN_ENUM_CONVERSION = YES;
				CLANG_WARN_INT_CONVERSION = YES;
				CLANG_WARN_OBJC_ROOT_CLASS = YES_ERROR;
				CLANG_WARN_UNREACHABLE_CODE = YES;
				CLANG_WARN__DUPLICATE_METHOD_MATCH = YES;
				"CODE_SIGN_IDENTITY[sdk=iphoneos*]" = "iPhone Developer";
				COPY_PHASE_STRIP = NO;
				DEBUG_INFORMATION_FORMAT = dwarf;
				ENABLE_STRICT_OBJC_MSGSEND = YES;
				ENABLE_TESTABILITY = YES;
				GCC_C_LANGUAGE_STANDARD = gnu99;
				GCC_DYNAMIC_NO_PIC = NO;
				GCC_NO_COMMON_BLOCKS = YES;
				GCC_OPTIMIZATION_LEVEL = 0;
				GCC_PREPROCESSOR_DEFINITIONS = (
					"DEBUG=1",
					"$(inherited)",
				);
				GCC_WARN_64_TO_32_BIT_CONVERSION = YES;
				GCC_WARN_ABOUT_RETURN_TYPE = YES_ERROR;
				GCC_WARN_UNDECLARED_SELECTOR = YES;
				GCC_WARN_UNINITIALIZED_AUTOS = YES_AGGRESSIVE;
				GCC_WARN_UNUSED_FUNCTION = YES;
				GCC_WARN_UNUSED_VARIABLE = YES;
				IPHONEOS_DEPLOYMENT_TARGET = 9.2;
				MTL_ENABLE_DEBUG_INFO = YES;
				ONLY_ACTIVE_ARCH = YES;
				SDKROOT = iphoneos;
				SWIFT_OPTIMIZATION_LEVEL = "-Onone";
				TARGETED_DEVICE_FAMILY = "1,2";
			};
			name = Debug;
		};
		1E31734C1D9960890005AFFD /* Release */ = {
			isa = XCBuildConfiguration;
			buildSettings = {
				ALWAYS_SEARCH_USER_PATHS = NO;
				CLANG_CXX_LANGUAGE_STANDARD = "gnu++0x";
				CLANG_CXX_LIBRARY = "libc++";
				CLANG_ENABLE_MODULES = YES;
				CLANG_ENABLE_OBJC_ARC = YES;
				CLANG_WARN_BOOL_CONVERSION = YES;
				CLANG_WARN_CONSTANT_CONVERSION = YES;
				CLANG_WARN_DIRECT_OBJC_ISA_USAGE = YES_ERROR;
				CLANG_WARN_EMPTY_BODY = YES;
				CLANG_WARN_ENUM_CONVERSION = YES;
				CLANG_WARN_INT_CONVERSION = YES;
				CLANG_WARN_OBJC_ROOT_CLASS = YES_ERROR;
				CLANG_WARN_UNREACHABLE_CODE = YES;
				CLANG_WARN__DUPLICATE_METHOD_MATCH = YES;
				"CODE_SIGN_IDENTITY[sdk=iphoneos*]" = "iPhone Developer";
				COPY_PHASE_STRIP = NO;
				DEBUG_INFORMATION_FORMAT = "dwarf-with-dsym";
				ENABLE_NS_ASSERTIONS = NO;
				ENABLE_STRICT_OBJC_MSGSEND = YES;
				GCC_C_LANGUAGE_STANDARD = gnu99;
				GCC_NO_COMMON_BLOCKS = YES;
				GCC_WARN_64_TO_32_BIT_CONVERSION = YES;
				GCC_WARN_ABOUT_RETURN_TYPE = YES_ERROR;
				GCC_WARN_UNDECLARED_SELECTOR = YES;
				GCC_WARN_UNINITIALIZED_AUTOS = YES_AGGRESSIVE;
				GCC_WARN_UNUSED_FUNCTION = YES;
				GCC_WARN_UNUSED_VARIABLE = YES;
				IPHONEOS_DEPLOYMENT_TARGET = 9.2;
				MTL_ENABLE_DEBUG_INFO = NO;
				SDKROOT = iphoneos;
				TARGETED_DEVICE_FAMILY = "1,2";
				VALIDATE_PRODUCT = YES;
			};
			name = Release;
		};
		1E31734E1D9960890005AFFD /* Debug */ = {
			isa = XCBuildConfiguration;
			buildSettings = {
				ASSETCATALOG_COMPILER_APPICON_NAME = AppIcon;
				INFOPLIST_FILE = FirstiOSAppKyle/Info.plist;
				LD_RUNPATH_SEARCH_PATHS = "$(inherited) @executable_path/Frameworks";
				PRODUCT_BUNDLE_IDENTIFIER = CTEC.FirstiOSAppKyle;
				PRODUCT_NAME = "$(TARGET_NAME)";
				TARGETED_DEVICE_FAMILY = "1,2";
			};
			name = Debug;
		};
		1E31734F1D9960890005AFFD /* Release */ = {
			isa = XCBuildConfiguration;
			buildSettings = {
				ASSETCATALOG_COMPILER_APPICON_NAME = AppIcon;
				INFOPLIST_FILE = FirstiOSAppKyle/Info.plist;
				LD_RUNPATH_SEARCH_PATHS = "$(inherited) @executable_path/Frameworks";
				PRODUCT_BUNDLE_IDENTIFIER = CTEC.FirstiOSAppKyle;
				PRODUCT_NAME = "$(TARGET_NAME)";
				TARGETED_DEVICE_FAMILY = "1,2";
			};
			name = Release;
		};
/* End XCBuildConfiguration section */

/* Begin XCConfigurationList section */
		1E3173361D9960890005AFFD /* Build configuration list for PBXProject "FirstiOSAppKyle" */ = {
			isa = XCConfigurationList;
			buildConfigurations = (
				1E31734B1D9960890005AFFD /* Debug */,
				1E31734C1D9960890005AFFD /* Release */,
			);
			defaultConfigurationIsVisible = 0;
			defaultConfigurationName = Release;
		};
		1E31734D1D9960890005AFFD /* Build configuration list for PBXNativeTarget "FirstiOSAppKyle" */ = {
			isa = XCConfigurationList;
			buildConfigurations = (
				1E31734E1D9960890005AFFD /* Debug */,
				1E31734F1D9960890005AFFD /* Release */,
			);
			defaultConfigurationIsVisible = 0;
		};
/* End XCConfigurationList section */
	};
	rootObject = 1E3173331D9960890005AFFD /* Project object */;
}
